Microsoft Visual Studio Solution File, Format Version 12.00
# Visual Studio Version 17
VisualStudioVersion = 17.5.2.0
MinimumVisualStudioVersion = 10.0.40219.1
Project("{2150E333-8FDC-42A3-9474-1A3956D46DE8}") = "sdk", "sdk", "{FF13A09E-0E72-1904-124B-A4E979EF28D3}"
EndProject
Project("{2150E333-8FDC-42A3-9474-1A3956D46DE8}") = "dotnet", "dotnet", "{9D954F24-B3F1-FF05-00E7-71549D8DD0D6}"
EndProject
Project("{FAE04EC0-301F-11D3-BF4B-00C04F79EFBC}") = "lmsservice_db", "sdk\dotnet\lmsservice_db\lmsservice_db.csproj", "{DED82B15-BB1E-B5CD-0DED-BB9B229DEB89}"
EndProject
Global
	GlobalSection(SolutionConfigurationPlatforms) = preSolution
		Debug|Any CPU = Debug|Any CPU
		Release|Any CPU = Release|Any CPU
	EndGlobalSection
	GlobalSection(ProjectConfigurationPlatforms) = postSolution
		{DED82B15-BB1E-B5CD-0DED-BB9B229DEB89}.Debug|Any CPU.ActiveCfg = Debug|Any CPU
		{DED82B15-BB1E-B5CD-0DED-BB9B229DEB89}.Debug|Any CPU.Build.0 = Debug|Any CPU
		{DED82B15-BB1E-B5CD-0DED-BB9B229DEB89}.Release|Any CPU.ActiveCfg = Release|Any CPU
		{DED82B15-BB1E-B5CD-0DED-BB9B229DEB89}.Release|Any CPU.Build.0 = Release|Any CPU
	EndGlobalSection
	GlobalSection(SolutionProperties) = preSolution
		HideSolutionNode = FALSE
	EndGlobalSection
	GlobalSection(NestedProjects) = preSolution
		{9D954F24-B3F1-FF05-00E7-71549D8DD0D6} = {FF13A09E-0E72-1904-124B-A4E979EF28D3}
		{DED82B15-BB1E-B5CD-0DED-BB9B229DEB89} = {9D954F24-B3F1-FF05-00E7-71549D8DD0D6}
	EndGlobalSection
	GlobalSection(ExtensibilityGlobals) = postSolution
		SolutionGuid = {2159DC0D-C18B-4CA2-B1D0-12602406338B}
	EndGlobalSection
EndGlobal
